<?xml version="1.0" encoding="UTF-8"?>
<Scheme
   version = "1.3">
   <BuildAction>
      <BuildActionEntries>
         <BuildActionEntry
            buildForRunning = "YES">
            <BuildableReference
               BuildableIdentifier = "primary"
               BlueprintIdentifier = "87150596F6F44B85C6658DF6"
               BuildableName = "Xcode Reader.app"
               BlueprintName = "Xcode Reader"
               ReferencedContainer = "container:Xcode Reader.xcodeproj">
            </BuildableReference>
         </BuildActionEntry>
      </BuildActionEntries>
   </BuildAction>
   <LaunchAction
      useCustomWorkingDirectory = "NO"
      buildConfiguration = "Debug">
      <BuildableProductRunnable>
         <BuildableReference
            BuildableIdentifier = "primary"
            BlueprintIdentifier = "87150596F6F44B85C6658DF6"
            BuildableName = "Xcode Reader.app"
            BlueprintName = "Xcode Reader"
            ReferencedContainer = "container:Xcode Reader.xcodeproj">
         </BuildableReference>
      </BuildableProductRunnable>
   </LaunchAction>
</Scheme>
