// !$*UTF8*$!
{
	archiveVersion = 1;
	classes = {
	};
	objectVersion = 46;
	objects = {

/* Begin PBXBuildFile section */
		87150075D7EBF4A03CE562C7 /* SPopoverBackgroundView.m in Sources */ = {isa = PBXBuildFile; fileRef = 87150EC9693F2C6482443692 /* SPopoverBackgroundView.m */; };
		87150165061AA2C207B20315 /* AppDelegate.m in Sources */ = {isa = PBXBuildFile; fileRef = 871508A152B48A2A05044BAF /* AppDelegate.m */; };
		8715024E5E2DA0B51E9A6E7C /* main.m in Sources */ = {isa = PBXBuildFile; fileRef = 87150A09E651FA0D194D8977 /* main.m */; };
		871502F8CC72D182C5E40796 /* SLibraryManager.m in Sources */ = {isa = PBXBuildFile; fileRef = 8715008FBACA50E03AE7D967 /* SLibraryManager.m */; };
		8715035BEC0FB912DC93AEA0 /* SSearchCompletionOperation.m in Sources */ = {isa = PBXBuildFile; fileRef = 87150476A41ECB0F6E2DC7BF /* SSearchCompletionOperation.m */; };
		871503C5CA159E2AA3014EC1 /* STokenSearchOperation.m in Sources */ = {isa = PBXBuildFile; fileRef = 87150CCD49F5E652E0785B84 /* STokenSearchOperation.m */; };
		8715040439B131829176CF57 /* SSearchNode.m in Sources */ = {isa = PBXBuildFile; fileRef = 87150A82DB544088072D7AD8 /* SSearchNode.m */; };
		87150427C96637243E356A80 /* SReaderBarPad.m in Sources */ = {isa = PBXBuildFile; fileRef = 871502288DEA4C811FFEFB44 /* SReaderBarPad.m */; };
		8715052B67C44B8A597EA34B /* UIKit.framework in Frameworks */ = {isa = PBXBuildFile; fileRef = 8715062D7381499E336E0244 /* UIKit.framework */; };
		871505984E2A929389C81F49 /* SNode.m in Sources */ = {isa = PBXBuildFile; fileRef = 87150D8097B80E7E5B1A36C4 /* SNode.m */; };
		871505E031FB7BD94C3F01B7 /* SSearchToken.m in Sources */ = {isa = PBXBuildFile; fileRef = 871500F30A3C13EE8E63A905 /* SSearchToken.m */; };
		8715064840D5C328FF784C10 /* Default-568h@2x.png in Resources */ = {isa = PBXBuildFile; fileRef = 8715092EF08797A9B8F4AB3C /* Default-568h@2x.png */; };
		8715066EEA71FA27EE215226 /* SDocumentTag.m in Sources */ = {isa = PBXBuildFile; fileRef = 87150B523F65708E9ADA42A2 /* SDocumentTag.m */; };
		8715067EA032C3C9AC1A881F /* SDocumentCellData.m in Sources */ = {isa = PBXBuildFile; fileRef = 871501B7A29F4DE462AF5486 /* SDocumentCellData.m */; };
		871506CCDA7911B27683B306 /* SToolkitBar.m in Sources */ = {isa = PBXBuildFile; fileRef = 871506A5E8B60E44CAFDE72E /* SToolkitBar.m */; };
		871507A5A7DDE2EE0ED8B700 /* UIKit.framework in Frameworks */ = {isa = PBXBuildFile; fileRef = 8715062D7381499E336E0244 /* UIKit.framework */; };
		87150836EAB48A5177ED048F /* SRevealSideController.m in Sources */ = {isa = PBXBuildFile; fileRef = 871506C9A265EC4D6A9EA308 /* SRevealSideController.m */; };
		871508CBA2568806266208B6 /* Foundation.framework in Frameworks */ = {isa = PBXBuildFile; fileRef = 871500645264EDA649C220BA /* Foundation.framework */; };
		871508E7AC7A00383BD8CC9D /* SReaderController.m in Sources */ = {isa = PBXBuildFile; fileRef = 87150062B1804DA263F4E519 /* SReaderController.m */; };
		87150974C1B1E50B9424F2B0 /* SSearchManager.m in Sources */ = {isa = PBXBuildFile; fileRef = 871507E29A50FF3C2EB18947 /* SSearchManager.m */; };
		87150993CBBC16D5C02A3952 /* Default@2x.png in Resources */ = {isa = PBXBuildFile; fileRef = 871506DEB99A5CBE0301A7C7 /* Default@2x.png */; };
		871509EB3A79BA6040EC363D /* SDocumentCell.m in Sources */ = {isa = PBXBuildFile; fileRef = 8715065624FE461BFBEF8FEF /* SDocumentCell.m */; };
		871509F009C243EE201EFD3E /* CoreGraphics.framework in Frameworks */ = {isa = PBXBuildFile; fileRef = 871502561209943BF28AFF9B /* CoreGraphics.framework */; };
		871509F967D2070B2C019365 /* SToolkitController.m in Sources */ = {isa = PBXBuildFile; fileRef = 8715002EE318B72FB613BD51 /* SToolkitController.m */; };
		87150B77572D6CD4B74191C7 /* InfoPlist.strings in Resources */ = {isa = PBXBuildFile; fileRef = 871501390AD53ACAFA7CF7DE /* InfoPlist.strings */; };
		87150BA6317807E3F0C434D1 /* InfoPlist.strings in Resources */ = {isa = PBXBuildFile; fileRef = 87150A1F5B4571B5478E5908 /* InfoPlist.strings */; };
		87150BB35650E3D1AADEA047 /* SenTestingKit.framework in Frameworks */ = {isa = PBXBuildFile; fileRef = 87150903FD06C5F42A27B310 /* SenTestingKit.framework */; };
		87150BD3EAF8F235FAF931FA /* Xcode_ReaderTests.m in Sources */ = {isa = PBXBuildFile; fileRef = 871501B311E00A499E19E498 /* Xcode_ReaderTests.m */; };
		87150CBFF0CB7198E9B51A0C /* Default.png in Resources */ = {isa = PBXBuildFile; fileRef = 87150FF3E6701B17F7AA036B /* Default.png */; };
		87150CC0B2B18CBEBCC3E2A4 /* SLibrary.m in Sources */ = {isa = PBXBuildFile; fileRef = 87150D4CE691328E1C8613F8 /* SLibrary.m */; };
		87150D240B49BB960D1D45E2 /* Foundation.framework in Frameworks */ = {isa = PBXBuildFile; fileRef = 871500645264EDA649C220BA /* Foundation.framework */; };
		87150D596EC0B7D3A9CBB8B8 /* SNodeSearchOperation.m in Sources */ = {isa = PBXBuildFile; fileRef = 87150A24C9F167786FBC39E8 /* SNodeSearchOperation.m */; };
		87150D760DB697C1CCE85DAC /* SToken.m in Sources */ = {isa = PBXBuildFile; fileRef = 8715020B14FDEA4C97D3AC97 /* SToken.m */; };
		87150DF238BD1A6956EE0D47 /* SDirectionPanGestureRecognizer.m in Sources */ = {isa = PBXBuildFile; fileRef = 87150997A428A6190BEB7558 /* SDirectionPanGestureRecognizer.m */; };
		87150F1354ECA142127B8A6F /* SDocumentTagView.m in Sources */ = {isa = PBXBuildFile; fileRef = 871507F27A9D5C0C718367B0 /* SDocumentTagView.m */; };
		87150FBE415A27D6C91405A7 /* STabControl.m in Sources */ = {isa = PBXBuildFile; fileRef = 8715003072A7D96F7AC9D5F8 /* STabControl.m */; };
		BE0ED14117422C8D00625D49 /* SSearchController.m in Sources */ = {isa = PBXBuildFile; fileRef = BE0ED13F17422C8D00625D49 /* SSearchController.m */; };
		BE0ED14217422C8D00625D49 /* SSearchController.xib in Resources */ = {isa = PBXBuildFile; fileRef = BE0ED14017422C8D00625D49 /* SSearchController.xib */; };
		BE8873EA1744881F00B31ABD /* DocumentTag_Border_Container@2x.png in Resources */ = {isa = PBXBuildFile; fileRef = BE8873E81744881F00B31ABD /* DocumentTag_Border_Container@2x.png */; };
		BE8873EB1744881F00B31ABD /* DocumentTag_Border_Deprecated@2x.png in Resources */ = {isa = PBXBuildFile; fileRef = BE8873E91744881F00B31ABD /* DocumentTag_Border_Deprecated@2x.png */; };
		BE8F3E12174612F800AC28E1 /* instp@2x.png in Resources */ = {isa = PBXBuildFile; fileRef = BE8F3E11174612F800AC28E1 /* instp@2x.png */; };
		BECEC06A1741C0610016487E /* CoreData.framework in Frameworks */ = {isa = PBXBuildFile; fileRef = BECEC0691741C0610016487E /* CoreData.framework */; };
		BECEC06E1741C8FB0016487E /* Xcode Reader Icon Concept.png in Resources */ = {isa = PBXBuildFile; fileRef = BECEC06D1741C8FB0016487E /* Xcode Reader Icon Concept.png */; };
		BECEC07C174227C60016487E /* SSearchHeader.m in Sources */ = {isa = PBXBuildFile; fileRef = BECEC07B174227C60016487E /* SSearchHeader.m */; };
		BEEA5380174315F200166438 /* Book@2x.png in Resources */ = {isa = PBXBuildFile; fileRef = BEEA5340174315F200166438 /* Book@2x.png */; };
		BEEA5381174315F200166438 /* cat@2x.png in Resources */ = {isa = PBXBuildFile; fileRef = BEEA5341174315F200166438 /* cat@2x.png */; };
		BEEA5382174315F200166438 /* cl@2x.png in Resources */ = {isa = PBXBuildFile; fileRef = BEEA5342174315F200166438 /* cl@2x.png */; };
		BEEA5383174315F200166438 /* clconst@2x.png in Resources */ = {isa = PBXBuildFile; fileRef = BEEA5343174315F200166438 /* clconst@2x.png */; };
		BEEA5384174315F200166438 /* clm@2x.png in Resources */ = {isa = PBXBuildFile; fileRef = BEEA5344174315F200166438 /* clm@2x.png */; };
		BEEA5385174315F200166438 /* data@2x.png in Resources */ = {isa = PBXBuildFile; fileRef = BEEA5345174315F200166438 /* data@2x.png */; };
		BEEA5386174315F200166438 /* DocumentCell-Background@2x.png in Resources */ = {isa = PBXBuildFile; fileRef = BEEA5346174315F200166438 /* DocumentCell-Background@2x.png */; };
		BEEA5389174315F200166438 /* econst@2x.png in Resources */ = {isa = PBXBuildFile; fileRef = BEEA5349174315F200166438 /* econst@2x.png */; };
		BEEA538A174315F200166438 /* func@2x.png in Resources */ = {isa = PBXBuildFile; fileRef = BEEA534A174315F200166438 /* func@2x.png */; };
		BEEA538B174315F200166438 /* instm@2x.png in Resources */ = {isa = PBXBuildFile; fileRef = BEEA534B174315F200166438 /* instm@2x.png */; };
		BEEA538C174315F200166438 /* intf@2x.png in Resources */ = {isa = PBXBuildFile; fileRef = BEEA534C174315F200166438 /* intf@2x.png */; };
		BEEA538D174315F200166438 /* intfcm@2x.png in Resources */ = {isa = PBXBuildFile; fileRef = BEEA534D174315F200166438 /* intfcm@2x.png */; };
		BEEA538E174315F200166438 /* intfm@2x.png in Resources */ = {isa = PBXBuildFile; fileRef = BEEA534E174315F200166438 /* intfm@2x.png */; };
		BEEA538F174315F200166438 /* intfp@2x.png in Resources */ = {isa = PBXBuildFile; fileRef = BEEA534F174315F200166438 /* intfp@2x.png */; };
		BEEA5390174315F200166438 /* Library-Bookmark@2x.png in Resources */ = {isa = PBXBuildFile; fileRef = BEEA5350174315F200166438 /* Library-Bookmark@2x.png */; };
		BEEA5391174315F200166438 /* Library-Download@2x.png in Resources */ = {isa = PBXBuildFile; fileRef = BEEA5351174315F200166438 /* Library-Download@2x.png */; };
		BEEA5392174315F200166438 /* Library@2x.png in Resources */ = {isa = PBXBuildFile; fileRef = BEEA5352174315F200166438 /* Library@2x.png */; };
		BEEA5393174315F200166438 /* macro@2x.png in Resources */ = {isa = PBXBuildFile; fileRef = BEEA5353174315F200166438 /* macro@2x.png */; };
		BEEA5394174315F200166438 /* Navigation-BackButton-Selected@2x.png in Resources */ = {isa = PBXBuildFile; fileRef = BEEA5354174315F200166438 /* Navigation-BackButton-Selected@2x.png */; };
		BEEA5395174315F200166438 /* Navigation-BackButton@2x.png in Resources */ = {isa = PBXBuildFile; fileRef = BEEA5355174315F200166438 /* Navigation-BackButton@2x.png */; };
		BEEA5396174315F200166438 /* Navigation-Background@2x.png in Resources */ = {isa = PBXBuildFile; fileRef = BEEA5356174315F200166438 /* Navigation-Background@2x.png */; };
		BEEA5397174315F200166438 /* Navigation-Button-Selected@2x.png in Resources */ = {isa = PBXBuildFile; fileRef = BEEA5357174315F200166438 /* Navigation-Button-Selected@2x.png */; };
		BEEA5398174315F200166438 /* Navigation-Button@2x.png in Resources */ = {isa = PBXBuildFile; fileRef = BEEA5358174315F200166438 /* Navigation-Button@2x.png */; };
		BEEA5399174315F200166438 /* Navigation-Shadow@2x.png in Resources */ = {isa = PBXBuildFile; fileRef = BEEA5359174315F200166438 /* Navigation-Shadow@2x.png */; };
		BEEA539A174315F200166438 /* Outline-Collapsed@2x.png in Resources */ = {isa = PBXBuildFile; fileRef = BEEA535A174315F200166438 /* Outline-Collapsed@2x.png */; };
		BEEA539B174315F200166438 /* Outline-Expanded@2x.png in Resources */ = {isa = PBXBuildFile; fileRef = BEEA535B174315F200166438 /* Outline-Expanded@2x.png */; };
		BEEA539C174315F200166438 /* Popover-Arrow@2x.png in Resources */ = {isa = PBXBuildFile; fileRef = BEEA535C174315F200166438 /* Popover-Arrow@2x.png */; };
		BEEA539D174315F200166438 /* Popover-Border@2x.png in Resources */ = {isa = PBXBuildFile; fileRef = BEEA535D174315F200166438 /* Popover-Border@2x.png */; };
		BEEA539E174315F200166438 /* ReaderBar-Back@2x.png in Resources */ = {isa = PBXBuildFile; fileRef = BEEA535E174315F200166438 /* ReaderBar-Back@2x.png */; };
		BEEA539F174315F200166438 /* ReaderBar-Background@2x.png in Resources */ = {isa = PBXBuildFile; fileRef = BEEA535F174315F200166438 /* ReaderBar-Background@2x.png */; };
		BEEA53A0174315F200166438 /* ReaderBar-Bookmark@2x.png in Resources */ = {isa = PBXBuildFile; fileRef = BEEA5360174315F200166438 /* ReaderBar-Bookmark@2x.png */; };
		BEEA53A1174315F200166438 /* ReaderBar-Button-Selected@2x.png in Resources */ = {isa = PBXBuildFile; fileRef = BEEA5361174315F200166438 /* ReaderBar-Button-Selected@2x.png */; };
		BEEA53A2174315F200166438 /* ReaderBar-Button@2x.png in Resources */ = {isa = PBXBuildFile; fileRef = BEEA5362174315F200166438 /* ReaderBar-Button@2x.png */; };
		BEEA53A3174315F200166438 /* ReaderBar-Developer@2x.png in Resources */ = {isa = PBXBuildFile; fileRef = BEEA5363174315F200166438 /* ReaderBar-Developer@2x.png */; };
		BEEA53A4174315F200166438 /* ReaderBar-Font@2x.png in Resources */ = {isa = PBXBuildFile; fileRef = BEEA5364174315F200166438 /* ReaderBar-Font@2x.png */; };
		BEEA53A5174315F200166438 /* ReaderBar-Forward@2x.png in Resources */ = {isa = PBXBuildFile; fileRef = BEEA5365174315F200166438 /* ReaderBar-Forward@2x.png */; };
		BEEA53A6174315F200166438 /* ReaderBar-Outline@2x.png in Resources */ = {isa = PBXBuildFile; fileRef = BEEA5366174315F200166438 /* ReaderBar-Outline@2x.png */; };
		BEEA53A7174315F200166438 /* ReaderBar-Shadow@2x.png in Resources */ = {isa = PBXBuildFile; fileRef = BEEA5367174315F200166438 /* ReaderBar-Shadow@2x.png */; };
		BEEA53A8174315F200166438 /* Reference@2x.png in Resources */ = {isa = PBXBuildFile; fileRef = BEEA5368174315F200166438 /* Reference@2x.png */; };
		BEEA53A9174315F200166438 /* Sample-Code@2x.png in Resources */ = {isa = PBXBuildFile; fileRef = BEEA5369174315F200166438 /* Sample-Code@2x.png */; };
		BEEA53AA174315F200166438 /* SearchBarIcon-Clear@2x.png in Resources */ = {isa = PBXBuildFile; fileRef = BEEA536A174315F200166438 /* SearchBarIcon-Clear@2x.png */; };
		BEEA53AB174315F200166438 /* SearchBarIcon-Search@2x.png in Resources */ = {isa = PBXBuildFile; fileRef = BEEA536B174315F200166438 /* SearchBarIcon-Search@2x.png */; };
		BEEA53AD174315F200166438 /* SearchHeader-Background@2x.png in Resources */ = {isa = PBXBuildFile; fileRef = BEEA536D174315F200166438 /* SearchHeader-Background@2x.png */; };
		BEEA53AE174315F200166438 /* SideController-Shadow@2x.png in Resources */ = {isa = PBXBuildFile; fileRef = BEEA536E174315F200166438 /* SideController-Shadow@2x.png */; };
		BEEA53AF174315F200166438 /* TabControl-Bookmark-Selected@2x.png in Resources */ = {isa = PBXBuildFile; fileRef = BEEA536F174315F200166438 /* TabControl-Bookmark-Selected@2x.png */; };
		BEEA53B0174315F200166438 /* TabControl-Bookmark@2x.png in Resources */ = {isa = PBXBuildFile; fileRef = BEEA5370174315F200166438 /* TabControl-Bookmark@2x.png */; };
		BEEA53B1174315F200166438 /* TabControl-Explore-Selected@2x.png in Resources */ = {isa = PBXBuildFile; fileRef = BEEA5371174315F200166438 /* TabControl-Explore-Selected@2x.png */; };
		BEEA53B2174315F200166438 /* TabControl-Explore@2x.png in Resources */ = {isa = PBXBuildFile; fileRef = BEEA5372174315F200166438 /* TabControl-Explore@2x.png */; };
		BEEA53B3174315F200166438 /* TabControl-Search-Selected@2x.png in Resources */ = {isa = PBXBuildFile; fileRef = BEEA5373174315F200166438 /* TabControl-Search-Selected@2x.png */; };
		BEEA53B4174315F200166438 /* TabControl-Search@2x.png in Resources */ = {isa = PBXBuildFile; fileRef = BEEA5374174315F200166438 /* TabControl-Search@2x.png */; };
		BEEA53B5174315F200166438 /* tag@2x.png in Resources */ = {isa = PBXBuildFile; fileRef = BEEA5375174315F200166438 /* tag@2x.png */; };
		BEEA53B6174315F200166438 /* tdef@2x.png in Resources */ = {isa = PBXBuildFile; fileRef = BEEA5376174315F200166438 /* tdef@2x.png */; };
		BEEA53B7174315F200166438 /* ToolkitBar-Background@2x.png in Resources */ = {isa = PBXBuildFile; fileRef = BEEA5377174315F200166438 /* ToolkitBar-Background@2x.png */; };
		BEEA53B8174315F200166438 /* ToolkitBar-Button-Selected@2x.png in Resources */ = {isa = PBXBuildFile; fileRef = BEEA5378174315F200166438 /* ToolkitBar-Button-Selected@2x.png */; };
		BEEA53B9174315F200166438 /* ToolkitBar-Button@2x.png in Resources */ = {isa = PBXBuildFile; fileRef = BEEA5379174315F200166438 /* ToolkitBar-Button@2x.png */; };
		BEEA53BA174315F200166438 /* ToolkitBar-DeleteButton-Selected@2x.png in Resources */ = {isa = PBXBuildFile; fileRef = BEEA537A174315F200166438 /* ToolkitBar-DeleteButton-Selected@2x.png */; };
		BEEA53BB174315F200166438 /* ToolkitBar-DeleteButton@2x.png in Resources */ = {isa = PBXBuildFile; fileRef = BEEA537B174315F200166438 /* ToolkitBar-DeleteButton@2x.png */; };
		BEEA53BC174315F200166438 /* ToolkitBar-Setting@2x.png in Resources */ = {isa = PBXBuildFile; fileRef = BEEA537C174315F200166438 /* ToolkitBar-Setting@2x.png */; };
		BEEA53BD174315F200166438 /* ToolkitBar-SettingButton-Selected@2x.png in Resources */ = {isa = PBXBuildFile; fileRef = BEEA537D174315F200166438 /* ToolkitBar-SettingButton-Selected@2x.png */; };
		BEEA53BE174315F200166438 /* ToolkitBar-SettingButton@2x.png in Resources */ = {isa = PBXBuildFile; fileRef = BEEA537E174315F200166438 /* ToolkitBar-SettingButton@2x.png */; };
		BEEA53BF174315F200166438 /* ToolkitBar-Shadow@2x.png in Resources */ = {isa = PBXBuildFile; fileRef = BEEA537F174315F200166438 /* ToolkitBar-Shadow@2x.png */; };
		BEEA53C21743251500166438 /* docSet.mom in Resources */ = {isa = PBXBuildFile; fileRef = BEEA53C11743251500166438 /* docSet.mom */; };
		BEEA53C317433BB300166438 /* SearchField@2x.png in Resources */ = {isa = PBXBuildFile; fileRef = BEEA536C174315F200166438 /* SearchField@2x.png */; };
		KHTIUSNFGMRPHCRVUMVBPGNH /* SparkInspector.framework in Frameworks */ = {isa = PBXBuildFile; fileRef = QMNTBWVDMICWTEJGUAKXRYSM /* SparkInspector.framework */; };
		KIYDQKWBMRKIEYEVRWSLKUDQ /* QuartzCore.framework in Frameworks */ = {isa = PBXBuildFile; fileRef = HYXIFWTDXJPPRRMDCEPMDTJH /* QuartzCore.framework */; };
		KNPONLATPTEBRUFEBXNXFHCQ /* libz.dylib in Frameworks */ = {isa = PBXBuildFile; fileRef = THBDITSPYVFDWQYYBDCIDIXG /* libz.dylib */; };
/* End PBXBuildFile section */

/* Begin PBXContainerItemProxy section */
		8715075189ED60BE0668D654 /* PBXContainerItemProxy */ = {
			isa = PBXContainerItemProxy;
			containerPortal = 871505DAB8C839EE975C8D91 /* Project object */;
			proxyType = 1;
			remoteGlobalIDString = 87150596F6F44B85C6658DF6;
			remoteInfo = "Xcode Reader";
		};
/* End PBXContainerItemProxy section */

/* Begin PBXFileReference section */
		8715002EE318B72FB613BD51 /* SToolkitController.m */ = {isa = PBXFileReference; fileEncoding = 4; lastKnownFileType = sourcecode.c.objc; path = SToolkitController.m; sourceTree = "<group>"; };
		8715003072A7D96F7AC9D5F8 /* STabControl.m */ = {isa = PBXFileReference; fileEncoding = 4; lastKnownFileType = sourcecode.c.objc; path = STabControl.m; sourceTree = "<group>"; };
		87150062B1804DA263F4E519 /* SReaderController.m */ = {isa = PBXFileReference; fileEncoding = 4; lastKnownFileType = sourcecode.c.objc; path = SReaderController.m; sourceTree = "<group>"; };
		871500645264EDA649C220BA /* Foundation.framework */ = {isa = PBXFileReference; lastKnownFileType = wrapper.framework; name = Foundation.framework; path = System/Library/Frameworks/Foundation.framework; sourceTree = SDKROOT; };
		8715008FBACA50E03AE7D967 /* SLibraryManager.m */ = {isa = PBXFileReference; fileEncoding = 4; lastKnownFileType = sourcecode.c.objc; path = SLibraryManager.m; sourceTree = "<group>"; };
		871500F30A3C13EE8E63A905 /* SSearchToken.m */ = {isa = PBXFileReference; fileEncoding = 4; lastKnownFileType = sourcecode.c.objc; path = SSearchToken.m; sourceTree = "<group>"; };
		8715011418516EC1F10600D6 /* Xcode ReaderTests.octest */ = {isa = PBXFileReference; explicitFileType = wrapper.cfbundle; includeInIndex = 0; path = "Xcode ReaderTests.octest"; sourceTree = BUILT_PRODUCTS_DIR; };
		8715012198D96449068D4D88 /* Xcode Reader-Prefix.pch */ = {isa = PBXFileReference; lastKnownFileType = sourcecode.c.h; path = "Xcode Reader-Prefix.pch"; sourceTree = "<group>"; };
		8715014072AD31408BC56F05 /* en */ = {isa = PBXFileReference; lastKnownFileType = text.plist.strings; name = en; path = en.lproj/InfoPlist.strings; sourceTree = "<group>"; };
		8715015BE4C6B5EF8C6EB7D3 /* SSearchNode.h */ = {isa = PBXFileReference; fileEncoding = 4; lastKnownFileType = sourcecode.c.h; path = SSearchNode.h; sourceTree = "<group>"; };
		871501797FE22EDEBF28E46B /* SRevealSideController.h */ = {isa = PBXFileReference; fileEncoding = 4; lastKnownFileType = sourcecode.c.h; path = SRevealSideController.h; sourceTree = "<group>"; };
		871501B311E00A499E19E498 /* Xcode_ReaderTests.m */ = {isa = PBXFileReference; lastKnownFileType = sourcecode.c.objc; path = Xcode_ReaderTests.m; sourceTree = "<group>"; };
		871501B7A29F4DE462AF5486 /* SDocumentCellData.m */ = {isa = PBXFileReference; fileEncoding = 4; lastKnownFileType = sourcecode.c.objc; path = SDocumentCellData.m; sourceTree = "<group>"; };
		8715020B14FDEA4C97D3AC97 /* SToken.m */ = {isa = PBXFileReference; fileEncoding = 4; lastKnownFileType = sourcecode.c.objc; path = SToken.m; sourceTree = "<group>"; };
		871502288DEA4C811FFEFB44 /* SReaderBarPad.m */ = {isa = PBXFileReference; fileEncoding = 4; lastKnownFileType = sourcecode.c.objc; path = SReaderBarPad.m; sourceTree = "<group>"; };
		871502561209943BF28AFF9B /* CoreGraphics.framework */ = {isa = PBXFileReference; lastKnownFileType = wrapper.framework; name = CoreGraphics.framework; path = System/Library/Frameworks/CoreGraphics.framework; sourceTree = SDKROOT; };
		87150476A41ECB0F6E2DC7BF /* SSearchCompletionOperation.m */ = {isa = PBXFileReference; fileEncoding = 4; lastKnownFileType = sourcecode.c.objc; path = SSearchCompletionOperation.m; sourceTree = "<group>"; };
		87150498C36D03BF5F9E127F /* SReaderController.h */ = {isa = PBXFileReference; fileEncoding = 4; lastKnownFileType = sourcecode.c.h; path = SReaderController.h; sourceTree = "<group>"; };
		87150517AFE670D0ED72A185 /* SSearchToken.h */ = {isa = PBXFileReference; fileEncoding = 4; lastKnownFileType = sourcecode.c.h; path = SSearchToken.h; sourceTree = "<group>"; };
		87150538FD990D2577E1ACB0 /* SNodeSearchOperation.h */ = {isa = PBXFileReference; fileEncoding = 4; lastKnownFileType = sourcecode.c.h; path = SNodeSearchOperation.h; sourceTree = "<group>"; };
		8715057336EFE9809E0D769C /* STokenSearchOperation.h */ = {isa = PBXFileReference; fileEncoding = 4; lastKnownFileType = sourcecode.c.h; path = STokenSearchOperation.h; sourceTree = "<group>"; };
		871505EE7DB8CBC86D570B3E /* SDocumentCell.h */ = {isa = PBXFileReference; fileEncoding = 4; lastKnownFileType = sourcecode.c.h; path = SDocumentCell.h; sourceTree = "<group>"; };
		871505F5FBAB51D2753ADF6A /* SDocumentCellData.h */ = {isa = PBXFileReference; fileEncoding = 4; lastKnownFileType = sourcecode.c.h; path = SDocumentCellData.h; sourceTree = "<group>"; };
		8715062D7381499E336E0244 /* UIKit.framework */ = {isa = PBXFileReference; lastKnownFileType = wrapper.framework; name = UIKit.framework; path = System/Library/Frameworks/UIKit.framework; sourceTree = SDKROOT; };
		8715063ADBE808BCE76CDE71 /* SSearchManager.h */ = {isa = PBXFileReference; fileEncoding = 4; lastKnownFileType = sourcecode.c.h; path = SSearchManager.h; sourceTree = "<group>"; };
		8715065624FE461BFBEF8FEF /* SDocumentCell.m */ = {isa = PBXFileReference; fileEncoding = 4; lastKnownFileType = sourcecode.c.objc; path = SDocumentCell.m; sourceTree = "<group>"; };
		871506A5E8B60E44CAFDE72E /* SToolkitBar.m */ = {isa = PBXFileReference; fileEncoding = 4; lastKnownFileType = sourcecode.c.objc; path = SToolkitBar.m; sourceTree = "<group>"; };
		871506C9A265EC4D6A9EA308 /* SRevealSideController.m */ = {isa = PBXFileReference; fileEncoding = 4; lastKnownFileType = sourcecode.c.objc; path = SRevealSideController.m; sourceTree = "<group>"; };
		871506DEB99A5CBE0301A7C7 /* Default@2x.png */ = {isa = PBXFileReference; lastKnownFileType = image.png; path = "Default@2x.png"; sourceTree = "<group>"; };
		8715071BF8B0614866BE25CD /* SPopoverBackgroundView.h */ = {isa = PBXFileReference; fileEncoding = 4; lastKnownFileType = sourcecode.c.h; path = SPopoverBackgroundView.h; sourceTree = "<group>"; };
		871507E29A50FF3C2EB18947 /* SSearchManager.m */ = {isa = PBXFileReference; fileEncoding = 4; lastKnownFileType = sourcecode.c.objc; path = SSearchManager.m; sourceTree = "<group>"; };
		871507E7CFD05AA9EF7FC71E /* SDocumentTagView.h */ = {isa = PBXFileReference; fileEncoding = 4; lastKnownFileType = sourcecode.c.h; path = SDocumentTagView.h; sourceTree = "<group>"; };
		871507F27A9D5C0C718367B0 /* SDocumentTagView.m */ = {isa = PBXFileReference; fileEncoding = 4; lastKnownFileType = sourcecode.c.objc; path = SDocumentTagView.m; sourceTree = "<group>"; };
		871507F3CA114D1640A0A644 /* AppDelegate.h */ = {isa = PBXFileReference; lastKnownFileType = sourcecode.c.h; path = AppDelegate.h; sourceTree = "<group>"; };
		8715080E695BDE15154DE0C7 /* Xcode ReaderTests-Info.plist */ = {isa = PBXFileReference; lastKnownFileType = text.plist.info; path = "Xcode ReaderTests-Info.plist"; sourceTree = "<group>"; };
		871508986B39B9DADECB35B9 /* SLibraryManager.h */ = {isa = PBXFileReference; fileEncoding = 4; lastKnownFileType = sourcecode.c.h; path = SLibraryManager.h; sourceTree = "<group>"; };
		87150899535FE1D04D84C987 /* SToolkitController.h */ = {isa = PBXFileReference; fileEncoding = 4; lastKnownFileType = sourcecode.c.h; path = SToolkitController.h; sourceTree = "<group>"; };
		871508A152B48A2A05044BAF /* AppDelegate.m */ = {isa = PBXFileReference; lastKnownFileType = sourcecode.c.objc; path = AppDelegate.m; sourceTree = "<group>"; };
		87150903FD06C5F42A27B310 /* SenTestingKit.framework */ = {isa = PBXFileReference; lastKnownFileType = wrapper.framework; name = SenTestingKit.framework; path = Library/Frameworks/SenTestingKit.framework; sourceTree = DEVELOPER_DIR; };
		8715092EF08797A9B8F4AB3C /* Default-568h@2x.png */ = {isa = PBXFileReference; lastKnownFileType = image.png; path = "Default-568h@2x.png"; sourceTree = "<group>"; };
		8715094FF3627EF51A2E7A48 /* SLibrary.h */ = {isa = PBXFileReference; fileEncoding = 4; lastKnownFileType = sourcecode.c.h; path = SLibrary.h; sourceTree = "<group>"; };
		87150997A428A6190BEB7558 /* SDirectionPanGestureRecognizer.m */ = {isa = PBXFileReference; fileEncoding = 4; lastKnownFileType = sourcecode.c.objc; path = SDirectionPanGestureRecognizer.m; sourceTree = "<group>"; };
		87150A09E651FA0D194D8977 /* main.m */ = {isa = PBXFileReference; lastKnownFileType = sourcecode.c.objc; path = main.m; sourceTree = "<group>"; };
		87150A24C9F167786FBC39E8 /* SNodeSearchOperation.m */ = {isa = PBXFileReference; fileEncoding = 4; lastKnownFileType = sourcecode.c.objc; path = SNodeSearchOperation.m; sourceTree = "<group>"; };
		87150A45D44DEBA62D390B6F /* Xcode Reader-Info.plist */ = {isa = PBXFileReference; lastKnownFileType = text.plist.info; path = "Xcode Reader-Info.plist"; sourceTree = "<group>"; };
		87150A71DBA08486B10872CA /* en */ = {isa = PBXFileReference; lastKnownFileType = text.plist.strings; name = en; path = en.lproj/InfoPlist.strings; sourceTree = "<group>"; };
		87150A82DB544088072D7AD8 /* SSearchNode.m */ = {isa = PBXFileReference; fileEncoding = 4; lastKnownFileType = sourcecode.c.objc; path = SSearchNode.m; sourceTree = "<group>"; };
		87150ABC1503D76F9A4D619E /* SToolkitBar.h */ = {isa = PBXFileReference; fileEncoding = 4; lastKnownFileType = sourcecode.c.h; path = SToolkitBar.h; sourceTree = "<group>"; };
		87150B523F65708E9ADA42A2 /* SDocumentTag.m */ = {isa = PBXFileReference; fileEncoding = 4; lastKnownFileType = sourcecode.c.objc; path = SDocumentTag.m; sourceTree = "<group>"; };
		87150C3ACDA3CF589778F0AC /* SDocumentTag.h */ = {isa = PBXFileReference; fileEncoding = 4; lastKnownFileType = sourcecode.c.h; path = SDocumentTag.h; sourceTree = "<group>"; };
		87150C89CBDD535463CA5701 /* SToken.h */ = {isa = PBXFileReference; fileEncoding = 4; lastKnownFileType = sourcecode.c.h; path = SToken.h; sourceTree = "<group>"; };
		87150CCD49F5E652E0785B84 /* STokenSearchOperation.m */ = {isa = PBXFileReference; fileEncoding = 4; lastKnownFileType = sourcecode.c.objc; path = STokenSearchOperation.m; sourceTree = "<group>"; };
		87150CE2C04F6532EFF923AE /* SSearchCompletionOperation.h */ = {isa = PBXFileReference; fileEncoding = 4; lastKnownFileType = sourcecode.c.h; path = SSearchCompletionOperation.h; sourceTree = "<group>"; };
		87150D4CE691328E1C8613F8 /* SLibrary.m */ = {isa = PBXFileReference; fileEncoding = 4; lastKnownFileType = sourcecode.c.objc; path = SLibrary.m; sourceTree = "<group>"; };
		87150D8097B80E7E5B1A36C4 /* SNode.m */ = {isa = PBXFileReference; fileEncoding = 4; lastKnownFileType = sourcecode.c.objc; path = SNode.m; sourceTree = "<group>"; };
		87150DC28394AE6584B4BE37 /* Xcode Reader.app */ = {isa = PBXFileReference; explicitFileType = wrapper.application; includeInIndex = 0; path = "Xcode Reader.app"; sourceTree = BUILT_PRODUCTS_DIR; };
		87150DCB8BA22D05F2AA5DFB /* SNode.h */ = {isa = PBXFileReference; fileEncoding = 4; lastKnownFileType = sourcecode.c.h; path = SNode.h; sourceTree = "<group>"; };
		87150E4E99D55A87E12F60F8 /* Xcode_ReaderTests.h */ = {isa = PBXFileReference; lastKnownFileType = sourcecode.c.h; path = Xcode_ReaderTests.h; sourceTree = "<group>"; };
		87150EC9693F2C6482443692 /* SPopoverBackgroundView.m */ = {isa = PBXFileReference; fileEncoding = 4; lastKnownFileType = sourcecode.c.objc; path = SPopoverBackgroundView.m; sourceTree = "<group>"; };
		87150F9A3F4B850FDCE18AC4 /* STabControl.h */ = {isa = PBXFileReference; fileEncoding = 4; lastKnownFileType = sourcecode.c.h; path = STabControl.h; sourceTree = "<group>"; };
		87150FC7416726724A09282C /* SReaderBarPad.h */ = {isa = PBXFileReference; fileEncoding = 4; lastKnownFileType = sourcecode.c.h; path = SReaderBarPad.h; sourceTree = "<group>"; };
		87150FF3E6701B17F7AA036B /* Default.png */ = {isa = PBXFileReference; lastKnownFileType = image.png; path = Default.png; sourceTree = "<group>"; };
		87150FF6C8DC18B9EF7ACA46 /* SDirectionPanGestureRecognizer.h */ = {isa = PBXFileReference; fileEncoding = 4; lastKnownFileType = sourcecode.c.h; path = SDirectionPanGestureRecognizer.h; sourceTree = "<group>"; };
		BE0ED13E17422C8D00625D49 /* SSearchController.h */ = {isa = PBXFileReference; fileEncoding = 4; lastKnownFileType = sourcecode.c.h; name = SSearchController.h; path = SSearchController/SSearchController.h; sourceTree = "<group>"; };
		BE0ED13F17422C8D00625D49 /* SSearchController.m */ = {isa = PBXFileReference; fileEncoding = 4; lastKnownFileType = sourcecode.c.objc; name = SSearchController.m; path = SSearchController/SSearchController.m; sourceTree = "<group>"; };
		BE0ED14017422C8D00625D49 /* SSearchController.xib */ = {isa = PBXFileReference; fileEncoding = 4; lastKnownFileType = file.xib; name = SSearchController.xib; path = SSearchController/SSearchController.xib; sourceTree = "<group>"; };
		BE8873E81744881F00B31ABD /* DocumentTag_Border_Container@2x.png */ = {isa = PBXFileReference; lastKnownFileType = image.png; path = "DocumentTag_Border_Container@2x.png"; sourceTree = "<group>"; };
		BE8873E91744881F00B31ABD /* DocumentTag_Border_Deprecated@2x.png */ = {isa = PBXFileReference; lastKnownFileType = image.png; path = "DocumentTag_Border_Deprecated@2x.png"; sourceTree = "<group>"; };
		BE8F3E11174612F800AC28E1 /* instp@2x.png */ = {isa = PBXFileReference; lastKnownFileType = image.png; path = "instp@2x.png"; sourceTree = "<group>"; };
		BECEC0691741C0610016487E /* CoreData.framework */ = {isa = PBXFileReference; lastKnownFileType = wrapper.framework; name = CoreData.framework; path = System/Library/Frameworks/CoreData.framework; sourceTree = SDKROOT; };
		BECEC06D1741C8FB0016487E /* Xcode Reader Icon Concept.png */ = {isa = PBXFileReference; lastKnownFileType = image.png; name = "Xcode Reader Icon Concept.png"; path = "../Xcode Reader Icon Concept.png"; sourceTree = "<group>"; };
		BECEC07A174227C60016487E /* SSearchHeader.h */ = {isa = PBXFileReference; fileEncoding = 4; lastKnownFileType = sourcecode.c.h; name = SSearchHeader.h; path = SSearchController/SSearchHeader.h; sourceTree = "<group>"; };
		BECEC07B174227C60016487E /* SSearchHeader.m */ = {isa = PBXFileReference; fileEncoding = 4; lastKnownFileType = sourcecode.c.objc; name = SSearchHeader.m; path = SSearchController/SSearchHeader.m; sourceTree = "<group>"; };
		BEEA5340174315F200166438 /* Book@2x.png */ = {isa = PBXFileReference; lastKnownFileType = image.png; path = "Book@2x.png"; sourceTree = "<group>"; };
		BEEA5341174315F200166438 /* cat@2x.png */ = {isa = PBXFileReference; lastKnownFileType = image.png; path = "cat@2x.png"; sourceTree = "<group>"; };
		BEEA5342174315F200166438 /* cl@2x.png */ = {isa = PBXFileReference; lastKnownFileType = image.png; path = "cl@2x.png"; sourceTree = "<group>"; };
		BEEA5343174315F200166438 /* clconst@2x.png */ = {isa = PBXFileReference; lastKnownFileType = image.png; path = "clconst@2x.png"; sourceTree = "<group>"; };
		BEEA5344174315F200166438 /* clm@2x.png */ = {isa = PBXFileReference; lastKnownFileType = image.png; path = "clm@2x.png"; sourceTree = "<group>"; };
		BEEA5345174315F200166438 /* data@2x.png */ = {isa = PBXFileReference; lastKnownFileType = image.png; path = "data@2x.png"; sourceTree = "<group>"; };
		BEEA5346174315F200166438 /* DocumentCell-Background@2x.png */ = {isa = PBXFileReference; lastKnownFileType = image.png; path = "DocumentCell-Background@2x.png"; sourceTree = "<group>"; };
		BEEA5349174315F200166438 /* econst@2x.png */ = {isa = PBXFileReference; lastKnownFileType = image.png; path = "econst@2x.png"; sourceTree = "<group>"; };
		BEEA534A174315F200166438 /* func@2x.png */ = {isa = PBXFileReference; lastKnownFileType = image.png; path = "func@2x.png"; sourceTree = "<group>"; };
		BEEA534B174315F200166438 /* instm@2x.png */ = {isa = PBXFileReference; lastKnownFileType = image.png; path = "instm@2x.png"; sourceTree = "<group>"; };
		BEEA534C174315F200166438 /* intf@2x.png */ = {isa = PBXFileReference; lastKnownFileType = image.png; path = "intf@2x.png"; sourceTree = "<group>"; };
		BEEA534D174315F200166438 /* intfcm@2x.png */ = {isa = PBXFileReference; lastKnownFileType = image.png; path = "intfcm@2x.png"; sourceTree = "<group>"; };
		BEEA534E174315F200166438 /* intfm@2x.png */ = {isa = PBXFileReference; lastKnownFileType = image.png; path = "intfm@2x.png"; sourceTree = "<group>"; };
		BEEA534F174315F200166438 /* intfp@2x.png */ = {isa = PBXFileReference; lastKnownFileType = image.png; path = "intfp@2x.png"; sourceTree = "<group>"; };
		BEEA5350174315F200166438 /* Library-Bookmark@2x.png */ = {isa = PBXFileReference; lastKnownFileType = image.png; path = "Library-Bookmark@2x.png"; sourceTree = "<group>"; };
		BEEA5351174315F200166438 /* Library-Download@2x.png */ = {isa = PBXFileReference; lastKnownFileType = image.png; path = "Library-Download@2x.png"; sourceTree = "<group>"; };
		BEEA5352174315F200166438 /* Library@2x.png */ = {isa = PBXFileReference; lastKnownFileType = image.png; path = "Library@2x.png"; sourceTree = "<group>"; };
		BEEA5353174315F200166438 /* macro@2x.png */ = {isa = PBXFileReference; lastKnownFileType = image.png; path = "macro@2x.png"; sourceTree = "<group>"; };
		BEEA5354174315F200166438 /* Navigation-BackButton-Selected@2x.png */ = {isa = PBXFileReference; lastKnownFileType = image.png; path = "Navigation-BackButton-Selected@2x.png"; sourceTree = "<group>"; };
		BEEA5355174315F200166438 /* Navigation-BackButton@2x.png */ = {isa = PBXFileReference; lastKnownFileType = image.png; path = "Navigation-BackButton@2x.png"; sourceTree = "<group>"; };
		BEEA5356174315F200166438 /* Navigation-Background@2x.png */ = {isa = PBXFileReference; lastKnownFileType = image.png; path = "Navigation-Background@2x.png"; sourceTree = "<group>"; };
		BEEA5357174315F200166438 /* Navigation-Button-Selected@2x.png */ = {isa = PBXFileReference; lastKnownFileType = image.png; path = "Navigation-Button-Selected@2x.png"; sourceTree = "<group>"; };
		BEEA5358174315F200166438 /* Navigation-Button@2x.png */ = {isa = PBXFileReference; lastKnownFileType = image.png; path = "Navigation-Button@2x.png"; sourceTree = "<group>"; };
		BEEA5359174315F200166438 /* Navigation-Shadow@2x.png */ = {isa = PBXFileReference; lastKnownFileType = image.png; path = "Navigation-Shadow@2x.png"; sourceTree = "<group>"; };
		BEEA535A174315F200166438 /* Outline-Collapsed@2x.png */ = {isa = PBXFileReference; lastKnownFileType = image.png; path = "Outline-Collapsed@2x.png"; sourceTree = "<group>"; };
		BEEA535B174315F200166438 /* Outline-Expanded@2x.png */ = {isa = PBXFileReference; lastKnownFileType = image.png; path = "Outline-Expanded@2x.png"; sourceTree = "<group>"; };
		BEEA535C174315F200166438 /* Popover-Arrow@2x.png */ = {isa = PBXFileReference; lastKnownFileType = image.png; path = "Popover-Arrow@2x.png"; sourceTree = "<group>"; };
		BEEA535D174315F200166438 /* Popover-Border@2x.png */ = {isa = PBXFileReference; lastKnownFileType = image.png; path = "Popover-Border@2x.png"; sourceTree = "<group>"; };
		BEEA535E174315F200166438 /* ReaderBar-Back@2x.png */ = {isa = PBXFileReference; lastKnownFileType = image.png; path = "ReaderBar-Back@2x.png"; sourceTree = "<group>"; };
		BEEA535F174315F200166438 /* ReaderBar-Background@2x.png */ = {isa = PBXFileReference; lastKnownFileType = image.png; path = "ReaderBar-Background@2x.png"; sourceTree = "<group>"; };
		BEEA5360174315F200166438 /* ReaderBar-Bookmark@2x.png */ = {isa = PBXFileReference; lastKnownFileType = image.png; path = "ReaderBar-Bookmark@2x.png"; sourceTree = "<group>"; };
		BEEA5361174315F200166438 /* ReaderBar-Button-Selected@2x.png */ = {isa = PBXFileReference; lastKnownFileType = image.png; path = "ReaderBar-Button-Selected@2x.png"; sourceTree = "<group>"; };
		BEEA5362174315F200166438 /* ReaderBar-Button@2x.png */ = {isa = PBXFileReference; lastKnownFileType = image.png; path = "ReaderBar-Button@2x.png"; sourceTree = "<group>"; };
		BEEA5363174315F200166438 /* ReaderBar-Developer@2x.png */ = {isa = PBXFileReference; lastKnownFileType = image.png; path = "ReaderBar-Developer@2x.png"; sourceTree = "<group>"; };
		BEEA5364174315F200166438 /* ReaderBar-Font@2x.png */ = {isa = PBXFileReference; lastKnownFileType = image.png; path = "ReaderBar-Font@2x.png"; sourceTree = "<group>"; };
		BEEA5365174315F200166438 /* ReaderBar-Forward@2x.png */ = {isa = PBXFileReference; lastKnownFileType = image.png; path = "ReaderBar-Forward@2x.png"; sourceTree = "<group>"; };
		BEEA5366174315F200166438 /* ReaderBar-Outline@2x.png */ = {isa = PBXFileReference; lastKnownFileType = image.png; path = "ReaderBar-Outline@2x.png"; sourceTree = "<group>"; };
		BEEA5367174315F200166438 /* ReaderBar-Shadow@2x.png */ = {isa = PBXFileReference; lastKnownFileType = image.png; path = "ReaderBar-Shadow@2x.png"; sourceTree = "<group>"; };
		BEEA5368174315F200166438 /* Reference@2x.png */ = {isa = PBXFileReference; lastKnownFileType = image.png; path = "Reference@2x.png"; sourceTree = "<group>"; };
		BEEA5369174315F200166438 /* Sample-Code@2x.png */ = {isa = PBXFileReference; lastKnownFileType = image.png; path = "Sample-Code@2x.png"; sourceTree = "<group>"; };
		BEEA536A174315F200166438 /* SearchBarIcon-Clear@2x.png */ = {isa = PBXFileReference; lastKnownFileType = image.png; path = "SearchBarIcon-Clear@2x.png"; sourceTree = "<group>"; };
		BEEA536B174315F200166438 /* SearchBarIcon-Search@2x.png */ = {isa = PBXFileReference; lastKnownFileType = image.png; path = "SearchBarIcon-Search@2x.png"; sourceTree = "<group>"; };
		BEEA536C174315F200166438 /* SearchField@2x.png */ = {isa = PBXFileReference; lastKnownFileType = image.png; path = "SearchField@2x.png"; sourceTree = "<group>"; };
		BEEA536D174315F200166438 /* SearchHeader-Background@2x.png */ = {isa = PBXFileReference; lastKnownFileType = image.png; path = "SearchHeader-Background@2x.png"; sourceTree = "<group>"; };
		BEEA536E174315F200166438 /* SideController-Shadow@2x.png */ = {isa = PBXFileReference; lastKnownFileType = image.png; path = "SideController-Shadow@2x.png"; sourceTree = "<group>"; };
		BEEA536F174315F200166438 /* TabControl-Bookmark-Selected@2x.png */ = {isa = PBXFileReference; lastKnownFileType = image.png; path = "TabControl-Bookmark-Selected@2x.png"; sourceTree = "<group>"; };
		BEEA5370174315F200166438 /* TabControl-Bookmark@2x.png */ = {isa = PBXFileReference; lastKnownFileType = image.png; path = "TabControl-Bookmark@2x.png"; sourceTree = "<group>"; };
		BEEA5371174315F200166438 /* TabControl-Explore-Selected@2x.png */ = {isa = PBXFileReference; lastKnownFileType = image.png; path = "TabControl-Explore-Selected@2x.png"; sourceTree = "<group>"; };
		BEEA5372174315F200166438 /* TabControl-Explore@2x.png */ = {isa = PBXFileReference; lastKnownFileType = image.png; path = "TabControl-Explore@2x.png"; sourceTree = "<group>"; };
		BEEA5373174315F200166438 /* TabControl-Search-Selected@2x.png */ = {isa = PBXFileReference; lastKnownFileType = image.png; path = "TabControl-Search-Selected@2x.png"; sourceTree = "<group>"; };
		BEEA5374174315F200166438 /* TabControl-Search@2x.png */ = {isa = PBXFileReference; lastKnownFileType = image.png; path = "TabControl-Search@2x.png"; sourceTree = "<group>"; };
		BEEA5375174315F200166438 /* tag@2x.png */ = {isa = PBXFileReference; lastKnownFileType = image.png; path = "tag@2x.png"; sourceTree = "<group>"; };
		BEEA5376174315F200166438 /* tdef@2x.png */ = {isa = PBXFileReference; lastKnownFileType = image.png; path = "tdef@2x.png"; sourceTree = "<group>"; };
		BEEA5377174315F200166438 /* ToolkitBar-Background@2x.png */ = {isa = PBXFileReference; lastKnownFileType = image.png; path = "ToolkitBar-Background@2x.png"; sourceTree = "<group>"; };
		BEEA5378174315F200166438 /* ToolkitBar-Button-Selected@2x.png */ = {isa = PBXFileReference; lastKnownFileType = image.png; path = "ToolkitBar-Button-Selected@2x.png"; sourceTree = "<group>"; };
		BEEA5379174315F200166438 /* ToolkitBar-Button@2x.png */ = {isa = PBXFileReference; lastKnownFileType = image.png; path = "ToolkitBar-Button@2x.png"; sourceTree = "<group>"; };
		BEEA537A174315F200166438 /* ToolkitBar-DeleteButton-Selected@2x.png */ = {isa = PBXFileReference; lastKnownFileType = image.png; path = "ToolkitBar-DeleteButton-Selected@2x.png"; sourceTree = "<group>"; };
		BEEA537B174315F200166438 /* ToolkitBar-DeleteButton@2x.png */ = {isa = PBXFileReference; lastKnownFileType = image.png; path = "ToolkitBar-DeleteButton@2x.png"; sourceTree = "<group>"; };
		BEEA537C174315F200166438 /* ToolkitBar-Setting@2x.png */ = {isa = PBXFileReference; lastKnownFileType = image.png; path = "ToolkitBar-Setting@2x.png"; sourceTree = "<group>"; };
		BEEA537D174315F200166438 /* ToolkitBar-SettingButton-Selected@2x.png */ = {isa = PBXFileReference; lastKnownFileType = image.png; path = "ToolkitBar-SettingButton-Selected@2x.png"; sourceTree = "<group>"; };
		BEEA537E174315F200166438 /* ToolkitBar-SettingButton@2x.png */ = {isa = PBXFileReference; lastKnownFileType = image.png; path = "ToolkitBar-SettingButton@2x.png"; sourceTree = "<group>"; };
		BEEA537F174315F200166438 /* ToolkitBar-Shadow@2x.png */ = {isa = PBXFileReference; lastKnownFileType = image.png; path = "ToolkitBar-Shadow@2x.png"; sourceTree = "<group>"; };
		BEEA53C11743251500166438 /* docSet.mom */ = {isa = PBXFileReference; lastKnownFileType = file.bplist; path = docSet.mom; sourceTree = "<group>"; };
		HYXIFWTDXJPPRRMDCEPMDTJH /* QuartzCore.framework */ = {isa = PBXFileReference; lastKnownFileType = wrapper.framework; name = QuartzCore.framework; path = System/Library/Frameworks/QuartzCore.framework; sourceTree = SDKROOT; };
		QMNTBWVDMICWTEJGUAKXRYSM /* SparkInspector.framework */ = {isa = PBXFileReference; lastKnownFileType = wrapper.framework; name = SparkInspector.framework; path = "/Applications/Spark Inspector.app/Contents/Resources/Frameworks/SparkInspector.framework"; sourceTree = "<group>"; };
		THBDITSPYVFDWQYYBDCIDIXG /* libz.dylib */ = {isa = PBXFileReference; lastKnownFileType = "compiled.mach-o.dylib"; name = libz.dylib; path = usr/lib/libz.dylib; sourceTree = SDKROOT; };
/* End PBXFileReference section */

/* Begin PBXFrameworksBuildPhase section */
		87150D9C0BC6CA72F953C2E0 /* Frameworks */ = {
			isa = PBXFrameworksBuildPhase;
			buildActionMask = 2147483647;
			files = (
				87150BB35650E3D1AADEA047 /* SenTestingKit.framework in Frameworks */,
				871507A5A7DDE2EE0ED8B700 /* UIKit.framework in Frameworks */,
				871508CBA2568806266208B6 /* Foundation.framework in Frameworks */,
			);
			runOnlyForDeploymentPostprocessing = 0;
		};
		87150FA644B995C786E93DE4 /* Frameworks */ = {
			isa = PBXFrameworksBuildPhase;
			buildActionMask = 2147483647;
			files = (
				BECEC06A1741C0610016487E /* CoreData.framework in Frameworks */,
				8715052B67C44B8A597EA34B /* UIKit.framework in Frameworks */,
				87150D240B49BB960D1D45E2 /* Foundation.framework in Frameworks */,
				871509F009C243EE201EFD3E /* CoreGraphics.framework in Frameworks */,
				KIYDQKWBMRKIEYEVRWSLKUDQ /* QuartzCore.framework in Frameworks */,
				KNPONLATPTEBRUFEBXNXFHCQ /* libz.dylib in Frameworks */,
				KHTIUSNFGMRPHCRVUMVBPGNH /* SparkInspector.framework in Frameworks */,
			);
			runOnlyForDeploymentPostprocessing = 0;
		};
/* End PBXFrameworksBuildPhase section */

/* Begin PBXGroup section */
		871500DAE6068A9D1D620833 /* Xcode Reader */ = {
			isa = PBXGroup;
			children = (
				8715052DA7A22868F1A00370 /* Supporting Files */,
				871507F3CA114D1640A0A644 /* AppDelegate.h */,
				871508A152B48A2A05044BAF /* AppDelegate.m */,
			);
			path = "Xcode Reader";
			sourceTree = "<group>";
		};
		87150130BC7EE2E7EAAD5E44 /* SRevealSideController */ = {
			isa = PBXGroup;
			children = (
				871501797FE22EDEBF28E46B /* SRevealSideController.h */,
				871506C9A265EC4D6A9EA308 /* SRevealSideController.m */,
				87150FF6C8DC18B9EF7ACA46 /* SDirectionPanGestureRecognizer.h */,
				87150997A428A6190BEB7558 /* SDirectionPanGestureRecognizer.m */,
			);
			path = SRevealSideController;
			sourceTree = "<group>";
		};
		871502AD5C304E6E71E21A45 = {
			isa = PBXGroup;
			children = (
				87150829D893A389D29D2ECD /* Frameworks */,
				871509806BB62D28CC263AD5 /* Images */,
				871506194609117856049BD9 /* Products */,
				BEEA53C01743251500166438 /* Resources */,
				87150F098C1A38F95976188F /* SDocumentCell */,
				871503CFED0DCA214E76E7E3 /* SLibraryManager */,
				871506DC30DEE12EC27B40A5 /* SReaderController */,
				87150130BC7EE2E7EAAD5E44 /* SRevealSideController */,
				BECEC0741742235A0016487E /* SSearchController */,
				87150CC24DD6139A6F1F6B52 /* SSearchManager */,
				87150F4F6C19A7AAE27391FB /* STokens */,
				8715082D3AE737F4BBEBEDE6 /* SToolkitController */,
				871500DAE6068A9D1D620833 /* Xcode Reader */,
				87150C94FCDB37ADE0F77778 /* Xcode ReaderTests */,
			);
			sourceTree = "<group>";
		};
		871503CFED0DCA214E76E7E3 /* SLibraryManager */ = {
			isa = PBXGroup;
			children = (
				8715094FF3627EF51A2E7A48 /* SLibrary.h */,
				87150D4CE691328E1C8613F8 /* SLibrary.m */,
				871508986B39B9DADECB35B9 /* SLibraryManager.h */,
				8715008FBACA50E03AE7D967 /* SLibraryManager.m */,
			);
			path = SLibraryManager;
			sourceTree = "<group>";
		};
		8715052DA7A22868F1A00370 /* Supporting Files */ = {
			isa = PBXGroup;
			children = (
				87150A45D44DEBA62D390B6F /* Xcode Reader-Info.plist */,
				871501390AD53ACAFA7CF7DE /* InfoPlist.strings */,
				87150A09E651FA0D194D8977 /* main.m */,
				8715012198D96449068D4D88 /* Xcode Reader-Prefix.pch */,
				87150FF3E6701B17F7AA036B /* Default.png */,
				871506DEB99A5CBE0301A7C7 /* Default@2x.png */,
				8715092EF08797A9B8F4AB3C /* Default-568h@2x.png */,
			);
			name = "Supporting Files";
			sourceTree = "<group>";
		};
		871506194609117856049BD9 /* Products */ = {
			isa = PBXGroup;
			children = (
				87150DC28394AE6584B4BE37 /* Xcode Reader.app */,
				8715011418516EC1F10600D6 /* Xcode ReaderTests.octest */,
			);
			name = Products;
			sourceTree = "<group>";
		};
		871506DC30DEE12EC27B40A5 /* SReaderController */ = {
			isa = PBXGroup;
			children = (
				87150FC7416726724A09282C /* SReaderBarPad.h */,
				871502288DEA4C811FFEFB44 /* SReaderBarPad.m */,
				87150498C36D03BF5F9E127F /* SReaderController.h */,
				87150062B1804DA263F4E519 /* SReaderController.m */,
				8715071BF8B0614866BE25CD /* SPopoverBackgroundView.h */,
				87150EC9693F2C6482443692 /* SPopoverBackgroundView.m */,
			);
			path = SReaderController;
			sourceTree = "<group>";
		};
		87150829D893A389D29D2ECD /* Frameworks */ = {
			isa = PBXGroup;
			children = (
				BECEC0691741C0610016487E /* CoreData.framework */,
				8715062D7381499E336E0244 /* UIKit.framework */,
				871500645264EDA649C220BA /* Foundation.framework */,
				871502561209943BF28AFF9B /* CoreGraphics.framework */,
				87150903FD06C5F42A27B310 /* SenTestingKit.framework */,
				HYXIFWTDXJPPRRMDCEPMDTJH /* QuartzCore.framework */,
				THBDITSPYVFDWQYYBDCIDIXG /* libz.dylib */,
				QMNTBWVDMICWTEJGUAKXRYSM /* SparkInspector.framework */,
			);
			name = Frameworks;
			sourceTree = "<group>";
		};
		8715082D3AE737F4BBEBEDE6 /* SToolkitController */ = {
			isa = PBXGroup;
			children = (
				87150F9A3F4B850FDCE18AC4 /* STabControl.h */,
				8715003072A7D96F7AC9D5F8 /* STabControl.m */,
				87150ABC1503D76F9A4D619E /* SToolkitBar.h */,
				871506A5E8B60E44CAFDE72E /* SToolkitBar.m */,
				87150899535FE1D04D84C987 /* SToolkitController.h */,
				8715002EE318B72FB613BD51 /* SToolkitController.m */,
			);
			path = SToolkitController;
			sourceTree = "<group>";
		};
		871509806BB62D28CC263AD5 /* Images */ = {
			isa = PBXGroup;
			children = (
				BEEA5340174315F200166438 /* Book@2x.png */,
				BEEA5341174315F200166438 /* cat@2x.png */,
				BEEA5342174315F200166438 /* cl@2x.png */,
				BEEA5343174315F200166438 /* clconst@2x.png */,
				BEEA5344174315F200166438 /* clm@2x.png */,
				BEEA5345174315F200166438 /* data@2x.png */,
				BEEA5346174315F200166438 /* DocumentCell-Background@2x.png */,
				BE8873E81744881F00B31ABD /* DocumentTag_Border_Container@2x.png */,
				BE8873E91744881F00B31ABD /* DocumentTag_Border_Deprecated@2x.png */,
				BEEA5349174315F200166438 /* econst@2x.png */,
				BEEA534A174315F200166438 /* func@2x.png */,
				BEEA534B174315F200166438 /* instm@2x.png */,
				BE8F3E11174612F800AC28E1 /* instp@2x.png */,
				BEEA534C174315F200166438 /* intf@2x.png */,
				BEEA534D174315F200166438 /* intfcm@2x.png */,
				BEEA534E174315F200166438 /* intfm@2x.png */,
				BEEA534F174315F200166438 /* intfp@2x.png */,
				BEEA5350174315F200166438 /* Library-Bookmark@2x.png */,
				BEEA5351174315F200166438 /* Library-Download@2x.png */,
				BEEA5352174315F200166438 /* Library@2x.png */,
				BEEA5353174315F200166438 /* macro@2x.png */,
				BEEA5354174315F200166438 /* Navigation-BackButton-Selected@2x.png */,
				BEEA5355174315F200166438 /* Navigation-BackButton@2x.png */,
				BEEA5356174315F200166438 /* Navigation-Background@2x.png */,
				BEEA5357174315F200166438 /* Navigation-Button-Selected@2x.png */,
				BEEA5358174315F200166438 /* Navigation-Button@2x.png */,
				BEEA5359174315F200166438 /* Navigation-Shadow@2x.png */,
				BEEA535A174315F200166438 /* Outline-Collapsed@2x.png */,
				BEEA535B174315F200166438 /* Outline-Expanded@2x.png */,
				BEEA535C174315F200166438 /* Popover-Arrow@2x.png */,
				BEEA535D174315F200166438 /* Popover-Border@2x.png */,
				BEEA535E174315F200166438 /* ReaderBar-Back@2x.png */,
				BEEA535F174315F200166438 /* ReaderBar-Background@2x.png */,
				BEEA5360174315F200166438 /* ReaderBar-Bookmark@2x.png */,
				BEEA5361174315F200166438 /* ReaderBar-Button-Selected@2x.png */,
				BEEA5362174315F200166438 /* ReaderBar-Button@2x.png */,
				BEEA5363174315F200166438 /* ReaderBar-Developer@2x.png */,
				BEEA5364174315F200166438 /* ReaderBar-Font@2x.png */,
				BEEA5365174315F200166438 /* ReaderBar-Forward@2x.png */,
				BEEA5366174315F200166438 /* ReaderBar-Outline@2x.png */,
				BEEA5367174315F200166438 /* ReaderBar-Shadow@2x.png */,
				BEEA5368174315F200166438 /* Reference@2x.png */,
				BEEA5369174315F200166438 /* Sample-Code@2x.png */,
				BEEA536A174315F200166438 /* SearchBarIcon-Clear@2x.png */,
				BEEA536B174315F200166438 /* SearchBarIcon-Search@2x.png */,
				BEEA536C174315F200166438 /* SearchField@2x.png */,
				BEEA536D174315F200166438 /* SearchHeader-Background@2x.png */,
				BEEA536E174315F200166438 /* SideController-Shadow@2x.png */,
				BEEA536F174315F200166438 /* TabControl-Bookmark-Selected@2x.png */,
				BEEA5370174315F200166438 /* TabControl-Bookmark@2x.png */,
				BEEA5371174315F200166438 /* TabControl-Explore-Selected@2x.png */,
				BEEA5372174315F200166438 /* TabControl-Explore@2x.png */,
				BEEA5373174315F200166438 /* TabControl-Search-Selected@2x.png */,
				BEEA5374174315F200166438 /* TabControl-Search@2x.png */,
				BEEA5375174315F200166438 /* tag@2x.png */,
				BEEA5376174315F200166438 /* tdef@2x.png */,
				BEEA5377174315F200166438 /* ToolkitBar-Background@2x.png */,
				BEEA5378174315F200166438 /* ToolkitBar-Button-Selected@2x.png */,
				BEEA5379174315F200166438 /* ToolkitBar-Button@2x.png */,
				BEEA537A174315F200166438 /* ToolkitBar-DeleteButton-Selected@2x.png */,
				BEEA537B174315F200166438 /* ToolkitBar-DeleteButton@2x.png */,
				BEEA537C174315F200166438 /* ToolkitBar-Setting@2x.png */,
				BEEA537D174315F200166438 /* ToolkitBar-SettingButton-Selected@2x.png */,
				BEEA537E174315F200166438 /* ToolkitBar-SettingButton@2x.png */,
				BEEA537F174315F200166438 /* ToolkitBar-Shadow@2x.png */,
				BECEC06D1741C8FB0016487E /* Xcode Reader Icon Concept.png */,
			);
			path = Images;
			sourceTree = "<group>";
		};
		87150C8D8B515EF1F7709C06 /* Supporting Files */ = {
			isa = PBXGroup;
			children = (
				8715080E695BDE15154DE0C7 /* Xcode ReaderTests-Info.plist */,
				87150A1F5B4571B5478E5908 /* InfoPlist.strings */,
			);
			name = "Supporting Files";
			sourceTree = "<group>";
		};
		87150C94FCDB37ADE0F77778 /* Xcode ReaderTests */ = {
			isa = PBXGroup;
			children = (
				87150C8D8B515EF1F7709C06 /* Supporting Files */,
				87150E4E99D55A87E12F60F8 /* Xcode_ReaderTests.h */,
				871501B311E00A499E19E498 /* Xcode_ReaderTests.m */,
			);
			path = "Xcode ReaderTests";
			sourceTree = "<group>";
		};
		87150CC24DD6139A6F1F6B52 /* SSearchManager */ = {
			isa = PBXGroup;
			children = (
				8715063ADBE808BCE76CDE71 /* SSearchManager.h */,
				871507E29A50FF3C2EB18947 /* SSearchManager.m */,
				87150538FD990D2577E1ACB0 /* SNodeSearchOperation.h */,
				87150A24C9F167786FBC39E8 /* SNodeSearchOperation.m */,
				8715057336EFE9809E0D769C /* STokenSearchOperation.h */,
				87150CCD49F5E652E0785B84 /* STokenSearchOperation.m */,
				87150CE2C04F6532EFF923AE /* SSearchCompletionOperation.h */,
				87150476A41ECB0F6E2DC7BF /* SSearchCompletionOperation.m */,
			);
			path = SSearchManager;
			sourceTree = "<group>";
		};
		87150F098C1A38F95976188F /* SDocumentCell */ = {
			isa = PBXGroup;
			children = (
				87150C3ACDA3CF589778F0AC /* SDocumentTag.h */,
				87150B523F65708E9ADA42A2 /* SDocumentTag.m */,
				871505EE7DB8CBC86D570B3E /* SDocumentCell.h */,
				8715065624FE461BFBEF8FEF /* SDocumentCell.m */,
				871507E7CFD05AA9EF7FC71E /* SDocumentTagView.h */,
				871507F27A9D5C0C718367B0 /* SDocumentTagView.m */,
				871505F5FBAB51D2753ADF6A /* SDocumentCellData.h */,
				871501B7A29F4DE462AF5486 /* SDocumentCellData.m */,
			);
			path = SDocumentCell;
			sourceTree = "<group>";
		};
		87150F4F6C19A7AAE27391FB /* STokens */ = {
			isa = PBXGroup;
			children = (
				87150DCB8BA22D05F2AA5DFB /* SNode.h */,
				87150D8097B80E7E5B1A36C4 /* SNode.m */,
				87150C89CBDD535463CA5701 /* SToken.h */,
				8715020B14FDEA4C97D3AC97 /* SToken.m */,
				8715015BE4C6B5EF8C6EB7D3 /* SSearchNode.h */,
				87150A82DB544088072D7AD8 /* SSearchNode.m */,
				87150517AFE670D0ED72A185 /* SSearchToken.h */,
				871500F30A3C13EE8E63A905 /* SSearchToken.m */,
			);
			path = STokens;
			sourceTree = "<group>";
		};
		BECEC0741742235A0016487E /* SSearchController */ = {
			isa = PBXGroup;
			children = (
				BE0ED13E17422C8D00625D49 /* SSearchController.h */,
				BE0ED13F17422C8D00625D49 /* SSearchController.m */,
				BE0ED14017422C8D00625D49 /* SSearchController.xib */,
				BECEC07A174227C60016487E /* SSearchHeader.h */,
				BECEC07B174227C60016487E /* SSearchHeader.m */,
			);
			name = SSearchController;
			sourceTree = "<group>";
		};
		BEEA53C01743251500166438 /* Resources */ = {
			isa = PBXGroup;
			children = (
				BEEA53C11743251500166438 /* docSet.mom */,
			);
			path = Resources;
			sourceTree = "<group>";
		};
/* End PBXGroup section */

/* Begin PBXNativeTarget section */
		8715025B13F299E31B0FEC37 /* Xcode ReaderTests */ = {
			isa = PBXNativeTarget;
			buildConfigurationList = 87150F74022FFBC0D9F1C56F /* Build configuration list for PBXNativeTarget "Xcode ReaderTests" */;
			buildPhases = (
				871503A82D9AC70D04453918 /* Sources */,
				87150D9C0BC6CA72F953C2E0 /* Frameworks */,
				87150BB01A3CAB18E1B9DD84 /* Resources */,
				871507D17488F55906F53297 /* ShellScript */,
			);
			buildRules = (
			);
			dependencies = (
				871507FDA02C11C3EC5D9DCC /* PBXTargetDependency */,
			);
			name = "Xcode ReaderTests";
			productName = "Xcode ReaderTests";
			productReference = 8715011418516EC1F10600D6 /* Xcode ReaderTests.octest */;
			productType = "com.apple.product-type.bundle";
		};
		87150596F6F44B85C6658DF6 /* Xcode Reader */ = {
			isa = PBXNativeTarget;
			buildConfigurationList = 87150AF295EF4B3FA60BFD37 /* Build configuration list for PBXNativeTarget "Xcode Reader" */;
			buildPhases = (
				87150F3BEB12C33B6BA3F5ED /* Sources */,
				87150FA644B995C786E93DE4 /* Frameworks */,
				871501562E55EE24485CDD2D /* Resources */,
			);
			buildRules = (
			);
			dependencies = (
			);
			name = "Xcode Reader";
			productName = "Xcode Reader";
			productReference = 87150DC28394AE6584B4BE37 /* Xcode Reader.app */;
			productType = "com.apple.product-type.application";
		};
/* End PBXNativeTarget section */

/* Begin PBXProject section */
		871505DAB8C839EE975C8D91 /* Project object */ = {
			isa = PBXProject;
			attributes = {
				ORGANIZATIONNAME = "Code Bone";
			};
			buildConfigurationList = 871505B57D18EECA8B04DD6E /* Build configuration list for PBXProject "Xcode Reader" */;
			compatibilityVersion = "Xcode 3.2";
			developmentRegion = English;
			hasScannedForEncodings = 0;
			knownRegions = (
				en,
			);
			mainGroup = 871502AD5C304E6E71E21A45;
			productRefGroup = 871506194609117856049BD9 /* Products */;
			projectDirPath = "";
			projectRoot = "";
			targets = (
				87150596F6F44B85C6658DF6 /* Xcode Reader */,
				8715025B13F299E31B0FEC37 /* Xcode ReaderTests */,
			);
		};
/* End PBXProject section */

/* Begin PBXResourcesBuildPhase section */
		871501562E55EE24485CDD2D /* Resources */ = {
			isa = PBXResourcesBuildPhase;
			buildActionMask = 2147483647;
			files = (
				BEEA53C317433BB300166438 /* SearchField@2x.png in Resources */,
				87150B77572D6CD4B74191C7 /* InfoPlist.strings in Resources */,
				87150CBFF0CB7198E9B51A0C /* Default.png in Resources */,
				87150993CBBC16D5C02A3952 /* Default@2x.png in Resources */,
				8715064840D5C328FF784C10 /* Default-568h@2x.png in Resources */,
				BECEC06E1741C8FB0016487E /* Xcode Reader Icon Concept.png in Resources */,
				BE0ED14217422C8D00625D49 /* SSearchController.xib in Resources */,
				BEEA5380174315F200166438 /* Book@2x.png in Resources */,
				BEEA5381174315F200166438 /* cat@2x.png in Resources */,
				BEEA5382174315F200166438 /* cl@2x.png in Resources */,
				BEEA5383174315F200166438 /* clconst@2x.png in Resources */,
				BEEA5384174315F200166438 /* clm@2x.png in Resources */,
				BEEA5385174315F200166438 /* data@2x.png in Resources */,
				BEEA5386174315F200166438 /* DocumentCell-Background@2x.png in Resources */,
				BEEA5389174315F200166438 /* econst@2x.png in Resources */,
				BEEA538A174315F200166438 /* func@2x.png in Resources */,
				BEEA538B174315F200166438 /* instm@2x.png in Resources */,
				BEEA538C174315F200166438 /* intf@2x.png in Resources */,
				BEEA538D174315F200166438 /* intfcm@2x.png in Resources */,
				BEEA538E174315F200166438 /* intfm@2x.png in Resources */,
				BEEA538F174315F200166438 /* intfp@2x.png in Resources */,
				BEEA5390174315F200166438 /* Library-Bookmark@2x.png in Resources */,
				BEEA5391174315F200166438 /* Library-Download@2x.png in Resources */,
				BEEA5392174315F200166438 /* Library@2x.png in Resources */,
				BEEA5393174315F200166438 /* macro@2x.png in Resources */,
				BEEA5394174315F200166438 /* Navigation-BackButton-Selected@2x.png in Resources */,
				BEEA5395174315F200166438 /* Navigation-BackButton@2x.png in Resources */,
				BEEA5396174315F200166438 /* Navigation-Background@2x.png in Resources */,
				BEEA5397174315F200166438 /* Navigation-Button-Selected@2x.png in Resources */,
				BEEA5398174315F200166438 /* Navigation-Button@2x.png in Resources */,
				BEEA5399174315F200166438 /* Navigation-Shadow@2x.png in Resources */,
				BEEA539A174315F200166438 /* Outline-Collapsed@2x.png in Resources */,
				BEEA539B174315F200166438 /* Outline-Expanded@2x.png in Resources */,
				BEEA539C174315F200166438 /* Popover-Arrow@2x.png in Resources */,
				BEEA539D174315F200166438 /* Popover-Border@2x.png in Resources */,
				BEEA539E174315F200166438 /* ReaderBar-Back@2x.png in Resources */,
				BEEA539F174315F200166438 /* ReaderBar-Background@2x.png in Resources */,
				BEEA53A0174315F200166438 /* ReaderBar-Bookmark@2x.png in Resources */,
				BEEA53A1174315F200166438 /* ReaderBar-Button-Selected@2x.png in Resources */,
				BEEA53A2174315F200166438 /* ReaderBar-Button@2x.png in Resources */,
				BEEA53A3174315F200166438 /* ReaderBar-Developer@2x.png in Resources */,
				BEEA53A4174315F200166438 /* ReaderBar-Font@2x.png in Resources */,
				BEEA53A5174315F200166438 /* ReaderBar-Forward@2x.png in Resources */,
				BEEA53A6174315F200166438 /* ReaderBar-Outline@2x.png in Resources */,
				BEEA53A7174315F200166438 /* ReaderBar-Shadow@2x.png in Resources */,
				BEEA53A8174315F200166438 /* Reference@2x.png in Resources */,
				BEEA53A9174315F200166438 /* Sample-Code@2x.png in Resources */,
				BEEA53AA174315F200166438 /* SearchBarIcon-Clear@2x.png in Resources */,
				BEEA53AB174315F200166438 /* SearchBarIcon-Search@2x.png in Resources */,
				BEEA53AD174315F200166438 /* SearchHeader-Background@2x.png in Resources */,
				BEEA53AE174315F200166438 /* SideController-Shadow@2x.png in Resources */,
				BEEA53AF174315F200166438 /* TabControl-Bookmark-Selected@2x.png in Resources */,
				BEEA53B0174315F200166438 /* TabControl-Bookmark@2x.png in Resources */,
				BEEA53B1174315F200166438 /* TabControl-Explore-Selected@2x.png in Resources */,
				BEEA53B2174315F200166438 /* TabControl-Explore@2x.png in Resources */,
				BEEA53B3174315F200166438 /* TabControl-Search-Selected@2x.png in Resources */,
				BEEA53B4174315F200166438 /* TabControl-Search@2x.png in Resources */,
				BEEA53B5174315F200166438 /* tag@2x.png in Resources */,
				BEEA53B6174315F200166438 /* tdef@2x.png in Resources */,
				BEEA53B7174315F200166438 /* ToolkitBar-Background@2x.png in Resources */,
				BEEA53B8174315F200166438 /* ToolkitBar-Button-Selected@2x.png in Resources */,
				BEEA53B9174315F200166438 /* ToolkitBar-Button@2x.png in Resources */,
				BEEA53BA174315F200166438 /* ToolkitBar-DeleteButton-Selected@2x.png in Resources */,
				BEEA53BB174315F200166438 /* ToolkitBar-DeleteButton@2x.png in Resources */,
				BEEA53BC174315F200166438 /* ToolkitBar-Setting@2x.png in Resources */,
				BEEA53BD174315F200166438 /* ToolkitBar-SettingButton-Selected@2x.png in Resources */,
				BEEA53BE174315F200166438 /* ToolkitBar-SettingButton@2x.png in Resources */,
				BEEA53BF174315F200166438 /* ToolkitBar-Shadow@2x.png in Resources */,
				BEEA53C21743251500166438 /* docSet.mom in Resources */,
				BE8873EA1744881F00B31ABD /* DocumentTag_Border_Container@2x.png in Resources */,
				BE8873EB1744881F00B31ABD /* DocumentTag_Border_Deprecated@2x.png in Resources */,
				BE8F3E12174612F800AC28E1 /* instp@2x.png in Resources */,
			);
			runOnlyForDeploymentPostprocessing = 0;
		};
		87150BB01A3CAB18E1B9DD84 /* Resources */ = {
			isa = PBXResourcesBuildPhase;
			buildActionMask = 2147483647;
			files = (
				87150BA6317807E3F0C434D1 /* InfoPlist.strings in Resources */,
			);
			runOnlyForDeploymentPostprocessing = 0;
		};
/* End PBXResourcesBuildPhase section */

/* Begin PBXShellScriptBuildPhase section */
		871507D17488F55906F53297 /* ShellScript */ = {
			isa = PBXShellScriptBuildPhase;
			buildActionMask = 2147483647;
			files = (
			);
			inputPaths = (
			);
			outputPaths = (
			);
			runOnlyForDeploymentPostprocessing = 0;
			shellPath = /bin/sh;
			shellScript = "# Run the unit tests in this test bundle.\n\"${SYSTEM_DEVELOPER_DIR}/Tools/RunUnitTests\"\n";
		};
/* End PBXShellScriptBuildPhase section */

/* Begin PBXSourcesBuildPhase section */
		871503A82D9AC70D04453918 /* Sources */ = {
			isa = PBXSourcesBuildPhase;
			buildActionMask = 2147483647;
			files = (
				87150BD3EAF8F235FAF931FA /* Xcode_ReaderTests.m in Sources */,
			);
			runOnlyForDeploymentPostprocessing = 0;
		};
		87150F3BEB12C33B6BA3F5ED /* Sources */ = {
			isa = PBXSourcesBuildPhase;
			buildActionMask = 2147483647;
			files = (
				8715024E5E2DA0B51E9A6E7C /* main.m in Sources */,
				87150165061AA2C207B20315 /* AppDelegate.m in Sources */,
				87150974C1B1E50B9424F2B0 /* SSearchManager.m in Sources */,
				87150D596EC0B7D3A9CBB8B8 /* SNodeSearchOperation.m in Sources */,
				871503C5CA159E2AA3014EC1 /* STokenSearchOperation.m in Sources */,
				8715035BEC0FB912DC93AEA0 /* SSearchCompletionOperation.m in Sources */,
				87150CC0B2B18CBEBCC3E2A4 /* SLibrary.m in Sources */,
				871502F8CC72D182C5E40796 /* SLibraryManager.m in Sources */,
				8715066EEA71FA27EE215226 /* SDocumentTag.m in Sources */,
				871509EB3A79BA6040EC363D /* SDocumentCell.m in Sources */,
				87150F1354ECA142127B8A6F /* SDocumentTagView.m in Sources */,
				8715067EA032C3C9AC1A881F /* SDocumentCellData.m in Sources */,
				871505984E2A929389C81F49 /* SNode.m in Sources */,
				87150D760DB697C1CCE85DAC /* SToken.m in Sources */,
				8715040439B131829176CF57 /* SSearchNode.m in Sources */,
				871505E031FB7BD94C3F01B7 /* SSearchToken.m in Sources */,
				87150836EAB48A5177ED048F /* SRevealSideController.m in Sources */,
				87150DF238BD1A6956EE0D47 /* SDirectionPanGestureRecognizer.m in Sources */,
				87150427C96637243E356A80 /* SReaderBarPad.m in Sources */,
				871508E7AC7A00383BD8CC9D /* SReaderController.m in Sources */,
				87150075D7EBF4A03CE562C7 /* SPopoverBackgroundView.m in Sources */,
				87150FBE415A27D6C91405A7 /* STabControl.m in Sources */,
				871506CCDA7911B27683B306 /* SToolkitBar.m in Sources */,
				871509F967D2070B2C019365 /* SToolkitController.m in Sources */,
				BECEC07C174227C60016487E /* SSearchHeader.m in Sources */,
				BE0ED14117422C8D00625D49 /* SSearchController.m in Sources */,
			);
			runOnlyForDeploymentPostprocessing = 0;
		};
/* End PBXSourcesBuildPhase section */

/* Begin PBXTargetDependency section */
		871507FDA02C11C3EC5D9DCC /* PBXTargetDependency */ = {
			isa = PBXTargetDependency;
			target = 87150596F6F44B85C6658DF6 /* Xcode Reader */;
			targetProxy = 8715075189ED60BE0668D654 /* PBXContainerItemProxy */;
		};
/* End PBXTargetDependency section */

/* Begin PBXVariantGroup section */
		871501390AD53ACAFA7CF7DE /* InfoPlist.strings */ = {
			isa = PBXVariantGroup;
			children = (
				87150A71DBA08486B10872CA /* en */,
			);
			name = InfoPlist.strings;
			sourceTree = "<group>";
		};
		87150A1F5B4571B5478E5908 /* InfoPlist.strings */ = {
			isa = PBXVariantGroup;
			children = (
				8715014072AD31408BC56F05 /* en */,
			);
			name = InfoPlist.strings;
			sourceTree = "<group>";
		};
/* End PBXVariantGroup section */

/* Begin XCBuildConfiguration section */
		871501F0E31BE10E39C81C91 /* Debug */ = {
			isa = XCBuildConfiguration;
			buildSettings = {
				FRAMEWORK_SEARCH_PATHS = (
					"\"/Applications/Spark Inspector.app/Contents/Resources/Frameworks\"",
				);
				GCC_PRECOMPILE_PREFIX_HEADER = YES;
				GCC_PREFIX_HEADER = "Xcode Reader/Xcode Reader-Prefix.pch";
				INFOPLIST_FILE = "Xcode Reader/Xcode Reader-Info.plist";
				OTHER_LDFLAGS = "-ObjC";
				PRODUCT_NAME = "$(TARGET_NAME)";
				WRAPPER_EXTENSION = app;
			};
			name = Debug;
		};
		871503B3EE94B46D3676197C /* Debug */ = {
			isa = XCBuildConfiguration;
			buildSettings = {
				ALWAYS_SEARCH_USER_PATHS = NO;
				CLANG_CXX_LANGUAGE_STANDARD = "gnu++0x";
				CLANG_CXX_LIBRARY = "libc++";
				CLANG_ENABLE_OBJC_ARC = YES;
				CLANG_WARN_CONSTANT_CONVERSION = YES;
				CLANG_WARN_EMPTY_BODY = YES;
				CLANG_WARN_ENUM_CONVERSION = YES;
				CLANG_WARN_INT_CONVERSION = YES;
				CLANG_WARN__DUPLICATE_METHOD_MATCH = YES;
				"CODE_SIGN_IDENTITY[sdk=iphoneos*]" = "iPhone Developer";
				COPY_PHASE_STRIP = NO;
				FRAMEWORK_SEARCH_PATHS = (
					"\"/Applications/Spark Inspector.app/Contents/Resources/Frameworks\"",
				);
				GCC_C_LANGUAGE_STANDARD = gnu99;
				GCC_DYNAMIC_NO_PIC = NO;
				GCC_OPTIMIZATION_LEVEL = 0;
				GCC_PREPROCESSOR_DEFINITIONS = (
					"DEBUG=1",
					"$(inherited)",
				);
				GCC_SYMBOLS_PRIVATE_EXTERN = NO;
				GCC_WARN_ABOUT_RETURN_TYPE = YES;
				GCC_WARN_UNINITIALIZED_AUTOS = YES;
				GCC_WARN_UNUSED_VARIABLE = YES;
				IPHONEOS_DEPLOYMENT_TARGET = 6.1;
				ONLY_ACTIVE_ARCH = YES;
				OTHER_LDFLAGS = "-ObjC";
				SDKROOT = iphoneos;
				TARGETED_DEVICE_FAMILY = "1,2";
			};
			name = Debug;
		};
		871507ED53BD87B71FE15A7E /* Release */ = {
			isa = XCBuildConfiguration;
			buildSettings = {
				FRAMEWORK_SEARCH_PATHS = (
					"\"/Applications/Spark Inspector.app/Contents/Resources/Frameworks\"",
				);
				GCC_PRECOMPILE_PREFIX_HEADER = YES;
				GCC_PREFIX_HEADER = "Xcode Reader/Xcode Reader-Prefix.pch";
				INFOPLIST_FILE = "Xcode Reader/Xcode Reader-Info.plist";
				OTHER_LDFLAGS = "-ObjC";
				PRODUCT_NAME = "$(TARGET_NAME)";
				WRAPPER_EXTENSION = app;
			};
			name = Release;
		};
		87150B320371EC33E75C5E99 /* Debug */ = {
			isa = XCBuildConfiguration;
			buildSettings = {
				BUNDLE_LOADER = "$(BUILT_PRODUCTS_DIR)/Xcode Reader.app/Xcode Reader";
				FRAMEWORK_SEARCH_PATHS = (
					"\"$(SDKROOT)/Developer/Library/Frameworks\"",
					"\"$(DEVELOPER_LIBRARY_DIR)/Frameworks\"",
					"\"/Applications/Spark Inspector.app/Contents/Resources/Frameworks\"",
				);
				GCC_PRECOMPILE_PREFIX_HEADER = YES;
				GCC_PREFIX_HEADER = "Xcode Reader/Xcode Reader-Prefix.pch";
				INFOPLIST_FILE = "Xcode ReaderTests/Xcode ReaderTests-Info.plist";
				OTHER_LDFLAGS = "-ObjC";
				PRODUCT_NAME = "$(TARGET_NAME)";
				TEST_HOST = "$(BUNDLE_LOADER)";
				WRAPPER_EXTENSION = octest;
			};
			name = Debug;
		};
		87150B7A4C60A86ED2B049EA /* Release */ = {
			isa = XCBuildConfiguration;
			buildSettings = {
				BUNDLE_LOADER = "$(BUILT_PRODUCTS_DIR)/Xcode Reader.app/Xcode Reader";
				FRAMEWORK_SEARCH_PATHS = (
					"\"$(SDKROOT)/Developer/Library/Frameworks\"",
					"\"$(DEVELOPER_LIBRARY_DIR)/Frameworks\"",
					"\"/Applications/Spark Inspector.app/Contents/Resources/Frameworks\"",
				);
				GCC_PRECOMPILE_PREFIX_HEADER = YES;
				GCC_PREFIX_HEADER = "Xcode Reader/Xcode Reader-Prefix.pch";
				INFOPLIST_FILE = "Xcode ReaderTests/Xcode ReaderTests-Info.plist";
				OTHER_LDFLAGS = "-ObjC";
				PRODUCT_NAME = "$(TARGET_NAME)";
				TEST_HOST = "$(BUNDLE_LOADER)";
				WRAPPER_EXTENSION = octest;
			};
			name = Release;
		};
		87150BC87305BAC7DDEA6B84 /* Release */ = {
			isa = XCBuildConfiguration;
			buildSettings = {
				ALWAYS_SEARCH_USER_PATHS = NO;
				CLANG_CXX_LANGUAGE_STANDARD = "gnu++0x";
				CLANG_CXX_LIBRARY = "libc++";
				CLANG_ENABLE_OBJC_ARC = YES;
				CLANG_WARN_CONSTANT_CONVERSION = YES;
				CLANG_WARN_EMPTY_BODY = YES;
				CLANG_WARN_ENUM_CONVERSION = YES;
				CLANG_WARN_INT_CONVERSION = YES;
				CLANG_WARN__DUPLICATE_METHOD_MATCH = YES;
				"CODE_SIGN_IDENTITY[sdk=iphoneos*]" = "iPhone Developer";
				COPY_PHASE_STRIP = YES;
				FRAMEWORK_SEARCH_PATHS = (
					"\"/Applications/Spark Inspector.app/Contents/Resources/Frameworks\"",
				);
				GCC_C_LANGUAGE_STANDARD = gnu99;
				GCC_WARN_ABOUT_RETURN_TYPE = YES;
				GCC_WARN_UNINITIALIZED_AUTOS = YES;
				GCC_WARN_UNUSED_VARIABLE = YES;
				IPHONEOS_DEPLOYMENT_TARGET = 6.1;
				OTHER_CFLAGS = "-DNS_BLOCK_ASSERTIONS=1";
				OTHER_LDFLAGS = "-ObjC";
				SDKROOT = iphoneos;
				TARGETED_DEVICE_FAMILY = "1,2";
				VALIDATE_PRODUCT = YES;
			};
			name = Release;
		};
/* End XCBuildConfiguration section */

/* Begin XCConfigurationList section */
		871505B57D18EECA8B04DD6E /* Build configuration list for PBXProject "Xcode Reader" */ = {
			isa = XCConfigurationList;
			buildConfigurations = (
				87150BC87305BAC7DDEA6B84 /* Release */,
				871503B3EE94B46D3676197C /* Debug */,
			);
			defaultConfigurationIsVisible = 0;
			defaultConfigurationName = Release;
		};
		87150AF295EF4B3FA60BFD37 /* Build configuration list for PBXNativeTarget "Xcode Reader" */ = {
			isa = XCConfigurationList;
			buildConfigurations = (
				871507ED53BD87B71FE15A7E /* Release */,
				871501F0E31BE10E39C81C91 /* Debug */,
			);
			defaultConfigurationIsVisible = 0;
			defaultConfigurationName = Release;
		};
		87150F74022FFBC0D9F1C56F /* Build configuration list for PBXNativeTarget "Xcode ReaderTests" */ = {
			isa = XCConfigurationList;
			buildConfigurations = (
				87150B7A4C60A86ED2B049EA /* Release */,
				87150B320371EC33E75C5E99 /* Debug */,
			);
			defaultConfigurationIsVisible = 0;
			defaultConfigurationName = Release;
		};
/* End XCConfigurationList section */
	};
	rootObject = 871505DAB8C839EE975C8D91 /* Project object */;
}
